// !$*UTF8*$!
{
	archiveVersion = 1;
	classes = {
	};
	objectVersion = 50;
	objects = {

/* Begin PBXBuildFile section */
		B117B301247FFE0E004EF842 /* Grid.swift in Sources */ = {isa = PBXBuildFile; fileRef = B117B300247FFE0E004EF842 /* Grid.swift */; };
		B117B3032480168D004EF842 /* GridLayout.swift in Sources */ = {isa = PBXBuildFile; fileRef = B117B3022480168D004EF842 /* GridLayout.swift */; };
		B117B3052483102D004EF842 /* Array+Identifable.swift in Sources */ = {isa = PBXBuildFile; fileRef = B117B3042483102D004EF842 /* Array+Identifable.swift */; };
		B117B30724845974004EF842 /* Array+Only.swift in Sources */ = {isa = PBXBuildFile; fileRef = B117B30624845974004EF842 /* Array+Only.swift */; };
		B17EB18C247AD2B600EF307D /* AppDelegate.swift in Sources */ = {isa = PBXBuildFile; fileRef = B17EB18B247AD2B600EF307D /* AppDelegate.swift */; };
		B17EB18E247AD2B600EF307D /* SceneDelegate.swift in Sources */ = {isa = PBXBuildFile; fileRef = B17EB18D247AD2B600EF307D /* SceneDelegate.swift */; };
		B17EB190247AD2B600EF307D /* EmojiMemoryGameView.swift in Sources */ = {isa = PBXBuildFile; fileRef = B17EB18F247AD2B600EF307D /* EmojiMemoryGameView.swift */; };
		B17EB192247AD2BA00EF307D /* Assets.xcassets in Resources */ = {isa = PBXBuildFile; fileRef = B17EB191247AD2BA00EF307D /* Assets.xcassets */; };
		B17EB195247AD2BA00EF307D /* Preview Assets.xcassets in Resources */ = {isa = PBXBuildFile; fileRef = B17EB194247AD2BA00EF307D /* Preview Assets.xcassets */; };
		B17EB198247AD2BA00EF307D /* LaunchScreen.storyboard in Resources */ = {isa = PBXBuildFile; fileRef = B17EB196247AD2BA00EF307D /* LaunchScreen.storyboard */; };
		B17EB1A0247B1D3700EF307D /* MemoryGame.swift in Sources */ = {isa = PBXBuildFile; fileRef = B17EB19F247B1D3700EF307D /* MemoryGame.swift */; };
		B17EB1A2247B20FF00EF307D /* EmojiMemoryGame.swift in Sources */ = {isa = PBXBuildFile; fileRef = B17EB1A1247B20FF00EF307D /* EmojiMemoryGame.swift */; };
/* End PBXBuildFile section */

/* Begin PBXFileReference section */
		B117B300247FFE0E004EF842 /* Grid.swift */ = {isa = PBXFileReference; lastKnownFileType = sourcecode.swift; path = Grid.swift; sourceTree = "<group>"; };
		B117B3022480168D004EF842 /* GridLayout.swift */ = {isa = PBXFileReference; fileEncoding = 4; lastKnownFileType = sourcecode.swift; path = GridLayout.swift; sourceTree = "<group>"; };
		B117B3042483102D004EF842 /* Array+Identifable.swift */ = {isa = PBXFileReference; lastKnownFileType = sourcecode.swift; path = "Array+Identifable.swift"; sourceTree = "<group>"; };
		B117B30624845974004EF842 /* Array+Only.swift */ = {isa = PBXFileReference; lastKnownFileType = sourcecode.swift; path = "Array+Only.swift"; sourceTree = "<group>"; };
		B17EB188247AD2B600EF307D /* Memorize.app */ = {isa = PBXFileReference; explicitFileType = wrapper.application; includeInIndex = 0; path = Memorize.app; sourceTree = BUILT_PRODUCTS_DIR; };
		B17EB18B247AD2B600EF307D /* AppDelegate.swift */ = {isa = PBXFileReference; lastKnownFileType = sourcecode.swift; path = AppDelegate.swift; sourceTree = "<group>"; };
		B17EB18D247AD2B600EF307D /* SceneDelegate.swift */ = {isa = PBXFileReference; lastKnownFileType = sourcecode.swift; path = SceneDelegate.swift; sourceTree = "<group>"; };
		B17EB18F247AD2B600EF307D /* EmojiMemoryGameView.swift */ = {isa = PBXFileReference; lastKnownFileType = sourcecode.swift; path = EmojiMemoryGameView.swift; sourceTree = "<group>"; };
		B17EB191247AD2BA00EF307D /* Assets.xcassets */ = {isa = PBXFileReference; lastKnownFileType = folder.assetcatalog; path = Assets.xcassets; sourceTree = "<group>"; };
		B17EB194247AD2BA00EF307D /* Preview Assets.xcassets */ = {isa = PBXFileReference; lastKnownFileType = folder.assetcatalog; path = "Preview Assets.xcassets"; sourceTree = "<group>"; };
		B17EB197247AD2BA00EF307D /* Base */ = {isa = PBXFileReference; lastKnownFileType = file.storyboard; name = Base; path = Base.lproj/LaunchScreen.storyboard; sourceTree = "<group>"; };
		B17EB199247AD2BA00EF307D /* Info.plist */ = {isa = PBXFileReference; lastKnownFileType = text.plist.xml; path = Info.plist; sourceTree = "<group>"; };
		B17EB19F247B1D3700EF307D /* MemoryGame.swift */ = {isa = PBXFileReference; lastKnownFileType = sourcecode.swift; path = MemoryGame.swift; sourceTree = "<group>"; };
		B17EB1A1247B20FF00EF307D /* EmojiMemoryGame.swift */ = {isa = PBXFileReference; lastKnownFileType = sourcecode.swift; path = EmojiMemoryGame.swift; sourceTree = "<group>"; };
/* End PBXFileReference section */

/* Begin PBXFrameworksBuildPhase section */
		B17EB185247AD2B600EF307D /* Frameworks */ = {
			isa = PBXFrameworksBuildPhase;
			buildActionMask = 2147483647;
			files = (
			);
			runOnlyForDeploymentPostprocessing = 0;
		};
/* End PBXFrameworksBuildPhase section */

/* Begin PBXGroup section */
		B17EB17F247AD2B600EF307D = {
			isa = PBXGroup;
			children = (
				B17EB18A247AD2B600EF307D /* Memorize */,
				B17EB189247AD2B600EF307D /* Products */,
			);
			sourceTree = "<group>";
		};
		B17EB189247AD2B600EF307D /* Products */ = {
			isa = PBXGroup;
			children = (
				B17EB188247AD2B600EF307D /* Memorize.app */,
			);
			name = Products;
			sourceTree = "<group>";
		};
		B17EB18A247AD2B600EF307D /* Memorize */ = {
			isa = PBXGroup;
			children = (
				B17EB18B247AD2B600EF307D /* AppDelegate.swift */,
				B17EB18D247AD2B600EF307D /* SceneDelegate.swift */,
				B17EB18F247AD2B600EF307D /* EmojiMemoryGameView.swift */,
				B117B300247FFE0E004EF842 /* Grid.swift */,
				B117B3042483102D004EF842 /* Array+Identifable.swift */,
				B117B3022480168D004EF842 /* GridLayout.swift */,
				B17EB1A1247B20FF00EF307D /* EmojiMemoryGame.swift */,
				B17EB19F247B1D3700EF307D /* MemoryGame.swift */,
				B117B30624845974004EF842 /* Array+Only.swift */,
				B17EB191247AD2BA00EF307D /* Assets.xcassets */,
				B17EB196247AD2BA00EF307D /* LaunchScreen.storyboard */,
				B17EB199247AD2BA00EF307D /* Info.plist */,
				B17EB193247AD2BA00EF307D /* Preview Content */,
			);
			path = Memorize;
			sourceTree = "<group>";
		};
		B17EB193247AD2BA00EF307D /* Preview Content */ = {
			isa = PBXGroup;
			children = (
				B17EB194247AD2BA00EF307D /* Preview Assets.xcassets */,
			);
			path = "Preview Content";
			sourceTree = "<group>";
		};
/* End PBXGroup section */

/* Begin PBXNativeTarget section */
		B17EB187247AD2B600EF307D /* Memorize */ = {
			isa = PBXNativeTarget;
			buildConfigurationList = B17EB19C247AD2BA00EF307D /* Build configuration list for PBXNativeTarget "Memorize" */;
			buildPhases = (
				B17EB184247AD2B600EF307D /* Sources */,
				B17EB185247AD2B600EF307D /* Frameworks */,
				B17EB186247AD2B600EF307D /* Resources */,
			);
			buildRules = (
			);
			dependencies = (
			);
			name = Memorize;
			productName = Memorize;
			productReference = B17EB188247AD2B600EF307D /* Memorize.app */;
			productType = "com.apple.product-type.application";
		};
/* End PBXNativeTarget section */

/* Begin PBXProject section */
		B17EB180247AD2B600EF307D /* Project object */ = {
			isa = PBXProject;
			attributes = {
				LastSwiftUpdateCheck = 1150;
				LastUpgradeCheck = 1150;
				ORGANIZATIONNAME = "H Hugo Falkman";
				TargetAttributes = {
					B17EB187247AD2B600EF307D = {
						CreatedOnToolsVersion = 11.5;
					};
				};
			};
			buildConfigurationList = B17EB183247AD2B600EF307D /* Build configuration list for PBXProject "Memorize" */;
			compatibilityVersion = "Xcode 9.3";
			developmentRegion = en;
			hasScannedForEncodings = 0;
			knownRegions = (
				en,
				Base,
			);
			mainGroup = B17EB17F247AD2B600EF307D;
			productRefGroup = B17EB189247AD2B600EF307D /* Products */;
			projectDirPath = "";
			projectRoot = "";
			targets = (
				B17EB187247AD2B600EF307D /* Memorize */,
			);
		};
/* End PBXProject section */

/* Begin PBXResourcesBuildPhase section */
		B17EB186247AD2B600EF307D /* Resources */ = {
			isa = PBXResourcesBuildPhase;
			buildActionMask = 2147483647;
			files = (
				B17EB198247AD2BA00EF307D /* LaunchScreen.storyboard in Resources */,
				B17EB195247AD2BA00EF307D /* Preview Assets.xcassets in Resources */,
				B17EB192247AD2BA00EF307D /* Assets.xcassets in Resources */,
			);
			runOnlyForDeploymentPostprocessing = 0;
		};
/* End PBXResourcesBuildPhase section */

/* Begin PBXSourcesBuildPhase section */
		B17EB184247AD2B600EF307D /* Sources */ = {
			isa = PBXSourcesBuildPhase;
			buildActionMask = 2147483647;
			files = (
				B17EB18C247AD2B600EF307D /* AppDelegate.swift in Sources */,
				B17EB18E247AD2B600EF307D /* SceneDelegate.swift in Sources */,
				B17EB1A0247B1D3700EF307D /* MemoryGame.swift in Sources */,
				B117B30724845974004EF842 /* Array+Only.swift in Sources */,
				B117B3052483102D004EF842 /* Array+Identifable.swift in Sources */,
				B17EB190247AD2B600EF307D /* EmojiMemoryGameView.swift in Sources */,
				B17EB1A2247B20FF00EF307D /* EmojiMemoryGame.swift in Sources */,
				B117B3032480168D004EF842 /* GridLayout.swift in Sources */,
				B117B301247FFE0E004EF842 /* Grid.swift in Sources */,
			);
			runOnlyForDeploymentPostprocessing = 0;
		};
/* End PBXSourcesBuildPhase section */

/* Begin PBXVariantGroup section */
		B17EB196247AD2BA00EF307D /* LaunchScreen.storyboard */ = {
			isa = PBXVariantGroup;
			children = (
				B17EB197247AD2BA00EF307D /* Base */,
			);
			name = LaunchScreen.storyboard;
			sourceTree = "<group>";
		};
/* End PBXVariantGroup section */

/* Begin XCBuildConfiguration section */
		B17EB19A247AD2BA00EF307D /* Debug */ = {
			isa = XCBuildConfiguration;
			buildSettings = {
				ALWAYS_SEARCH_USER_PATHS = NO;
				CLANG_ANALYZER_NONNULL = YES;
				CLANG_ANALYZER_NUMBER_OBJECT_CONVERSION = YES_AGGRESSIVE;
				CLANG_CXX_LANGUAGE_STANDARD = "gnu++14";
				CLANG_CXX_LIBRARY = "libc++";
				CLANG_ENABLE_MODULES = YES;
				CLANG_ENABLE_OBJC_ARC = YES;
				CLANG_ENABLE_OBJC_WEAK = YES;
				CLANG_WARN_BLOCK_CAPTURE_AUTORELEASING = YES;
				CLANG_WARN_BOOL_CONVERSION = YES;
				CLANG_WARN_COMMA = YES;
				CLANG_WARN_CONSTANT_CONVERSION = YES;
				CLANG_WARN_DEPRECATED_OBJC_IMPLEMENTATIONS = YES;
				CLANG_WARN_DIRECT_OBJC_ISA_USAGE = YES_ERROR;
				CLANG_WARN_DOCUMENTATION_COMMENTS = YES;
				CLANG_WARN_EMPTY_BODY = YES;
				CLANG_WARN_ENUM_CONVERSION = YES;
				CLANG_WARN_INFINITE_RECURSION = YES;
				CLANG_WARN_INT_CONVERSION = YES;
				CLANG_WARN_NON_LITERAL_NULL_CONVERSION = YES;
				CLANG_WARN_OBJC_IMPLICIT_RETAIN_SELF = YES;
				CLANG_WARN_OBJC_LITERAL_CONVERSION = YES;
				CLANG_WARN_OBJC_ROOT_CLASS = YES_ERROR;
				CLANG_WARN_RANGE_LOOP_ANALYSIS = YES;
				CLANG_WARN_STRICT_PROTOTYPES = YES;
				CLANG_WARN_SUSPICIOUS_MOVE = YES;
				CLANG_WARN_UNGUARDED_AVAILABILITY = YES_AGGRESSIVE;
				CLANG_WARN_UNREACHABLE_CODE = YES;
				CLANG_WARN__DUPLICATE_METHOD_MATCH = YES;
				COPY_PHASE_STRIP = NO;
				DEBUG_INFORMATION_FORMAT = dwarf;
				ENABLE_STRICT_OBJC_MSGSEND = YES;
				ENABLE_TESTABILITY = YES;
				GCC_C_LANGUAGE_STANDARD = gnu11;
				GCC_DYNAMIC_NO_PIC = NO;
				GCC_NO_COMMON_BLOCKS = YES;
				GCC_OPTIMIZATION_LEVEL = 0;
				GCC_PREPROCESSOR_DEFINITIONS = (
					"DEBUG=1",
					"$(inherited)",
				);
				GCC_WARN_64_TO_32_BIT_CONVERSION = YES;
				GCC_WARN_ABOUT_RETURN_TYPE = YES_ERROR;
				GCC_WARN_UNDECLARED_SELECTOR = YES;
				GCC_WARN_UNINITIALIZED_AUTOS = YES_AGGRESSIVE;
				GCC_WARN_UNUSED_FUNCTION = YES;
				GCC_WARN_UNUSED_VARIABLE = YES;
				IPHONEOS_DEPLOYMENT_TARGET = 13.5;
				MTL_ENABLE_DEBUG_INFO = INCLUDE_SOURCE;
				MTL_FAST_MATH = YES;
				ONLY_ACTIVE_ARCH = YES;
				SDKROOT = iphoneos;
				SWIFT_ACTIVE_COMPILATION_CONDITIONS = DEBUG;
				SWIFT_OPTIMIZATION_LEVEL = "-Onone";
			};
			name = Debug;
		};
		B17EB19B247AD2BA00EF307D /* Release */ = {
			isa = XCBuildConfiguration;
			buildSettings = {
				ALWAYS_SEARCH_USER_PATHS = NO;
				CLANG_ANALYZER_NONNULL = YES;
				CLANG_ANALYZER_NUMBER_OBJECT_CONVERSION = YES_AGGRESSIVE;
				CLANG_CXX_LANGUAGE_STANDARD = "gnu++14";
				CLANG_CXX_LIBRARY = "libc++";
				CLANG_ENABLE_MODULES = YES;
				CLANG_ENABLE_OBJC_ARC = YES;
				CLANG_ENABLE_OBJC_WEAK = YES;
				CLANG_WARN_BLOCK_CAPTURE_AUTORELEASING = YES;
				CLANG_WARN_BOOL_CONVERSION = YES;
				CLANG_WARN_COMMA = YES;
				CLANG_WARN_CONSTANT_CONVERSION = YES;
				CLANG_WARN_DEPRECATED_OBJC_IMPLEMENTATIONS = YES;
				CLANG_WARN_DIRECT_OBJC_ISA_USAGE = YES_ERROR;
				CLANG_WARN_DOCUMENTATION_COMMENTS = YES;
				CLANG_WARN_EMPTY_BODY = YES;
				CLANG_WARN_ENUM_CONVERSION = YES;
				CLANG_WARN_INFINITE_RECURSION = YES;
				CLANG_WARN_INT_CONVERSION = YES;
				CLANG_WARN_NON_LITERAL_NULL_CONVERSION = YES;
				CLANG_WARN_OBJC_IMPLICIT_RETAIN_SELF = YES;
				CLANG_WARN_OBJC_LITERAL_CONVERSION = YES;
				CLANG_WARN_OBJC_ROOT_CLASS = YES_ERROR;
				CLANG_WARN_RANGE_LOOP_ANALYSIS = YES;
				CLANG_WARN_STRICT_PROTOTYPES = YES;
				CLANG_WARN_SUSPICIOUS_MOVE = YES;
				CLANG_WARN_UNGUARDED_AVAILABILITY = YES_AGGRESSIVE;
				CLANG_WARN_UNREACHABLE_CODE = YES;
				CLANG_WARN__DUPLICATE_METHOD_MATCH = YES;
				COPY_PHASE_STRIP = NO;
				DEBUG_INFORMATION_FORMAT = "dwarf-with-dsym";
				ENABLE_NS_ASSERTIONS = NO;
				ENABLE_STRICT_OBJC_MSGSEND = YES;
				GCC_C_LANGUAGE_STANDARD = gnu11;
				GCC_NO_COMMON_BLOCKS = YES;
				GCC_WARN_64_TO_32_BIT_CONVERSION = YES;
				GCC_WARN_ABOUT_RETURN_TYPE = YES_ERROR;
				GCC_WARN_UNDECLARED_SELECTOR = YES;
				GCC_WARN_UNINITIALIZED_AUTOS = YES_AGGRESSIVE;
				GCC_WARN_UNUSED_FUNCTION = YES;
				GCC_WARN_UNUSED_VARIABLE = YES;
				IPHONEOS_DEPLOYMENT_TARGET = 13.5;
				MTL_ENABLE_DEBUG_INFO = NO;
				MTL_FAST_MATH = YES;
				SDKROOT = iphoneos;
				SWIFT_COMPILATION_MODE = wholemodule;
				SWIFT_OPTIMIZATION_LEVEL = "-O";
				VALIDATE_PRODUCT = YES;
			};
			name = Release;
		};
		B17EB19D247AD2BA00EF307D /* Debug */ = {
			isa = XCBuildConfiguration;
			buildSettings = {
				ASSETCATALOG_COMPILER_APPICON_NAME = AppIcon;
				CODE_SIGN_STYLE = Automatic;
				DEVELOPMENT_ASSET_PATHS = "\"Memorize/Preview Content\"";
				DEVELOPMENT_TEAM = CAE4XXMP5G;
				ENABLE_PREVIEWS = YES;
				INFOPLIST_FILE = Memorize/Info.plist;
				LD_RUNPATH_SEARCH_PATHS = (
					"$(inherited)",
					"@executable_path/Frameworks",
				);
				PRODUCT_BUNDLE_IDENTIFIER = com.hhugofalkman.Memorize;
				PRODUCT_NAME = "$(TARGET_NAME)";
				SWIFT_VERSION = 5.0;
				TARGETED_DEVICE_FAMILY = "1,2";
			};
			name = Debug;
		};
		B17EB19E247AD2BA00EF307D /* Release */ = {
			isa = XCBuildConfiguration;
			buildSettings = {
				ASSETCATALOG_COMPILER_APPICON_NAME = AppIcon;
				CODE_SIGN_STYLE = Automatic;
				DEVELOPMENT_ASSET_PATHS = "\"Memorize/Preview Content\"";
				DEVELOPMENT_TEAM = CAE4XXMP5G;
				ENABLE_PREVIEWS = YES;
				INFOPLIST_FILE = Memorize/Info.plist;
				LD_RUNPATH_SEARCH_PATHS = (
					"$(inherited)",
					"@executable_path/Frameworks",
				);
				PRODUCT_BUNDLE_IDENTIFIER = com.hhugofalkman.Memorize;
				PRODUCT_NAME = "$(TARGET_NAME)";
				SWIFT_VERSION = 5.0;
				TARGETED_DEVICE_FAMILY = "1,2";
			};
			name = Release;
		};
/* End XCBuildConfiguration section */

/* Begin XCConfigurationList section */
		B17EB183247AD2B600EF307D /* Build configuration list for PBXProject "Memorize" */ = {
			isa = XCConfigurationList;
			buildConfigurations = (
				B17EB19A247AD2BA00EF307D /* Debug */,
				B17EB19B247AD2BA00EF307D /* Release */,
			);
			defaultConfigurationIsVisible = 0;
			defaultConfigurationName = Release;
		};
		B17EB19C247AD2BA00EF307D /* Build configuration list for PBXNativeTarget "Memorize" */ = {
			isa = XCConfigurationList;
			buildConfigurations = (
				B17EB19D247AD2BA00EF307D /* Debug */,
				B17EB19E247AD2BA00EF307D /* Release */,
			);
			defaultConfigurationIsVisible = 0;
			defaultConfigurationName = Release;
		};
/* End XCConfigurationList section */
	};
	rootObject = B17EB180247AD2B600EF307D /* Project object */;
}
